// !$*UTF8*$!
{
	archiveVersion = 1;
	classes = {
	};
	objectVersion = 56;
	objects = {

/* Begin PBXBuildFile section */
		9530FF83AB9410E0255F9EB2 /* libPods-RNIntegrationApp.a in Frameworks */ = {isa = PBXBuildFile; fileRef = FBF2794E2298D74505560082 /* libPods-RNIntegrationApp.a */; };
		9BB839B82ABB1C750042964E /* AppDelegate.swift in Sources */ = {isa = PBXBuildFile; fileRef = 9BB839B72ABB1C750042964E /* AppDelegate.swift */; };
		9BB839BA2ABB1C750042964E /* SceneDelegate.swift in Sources */ = {isa = PBXBuildFile; fileRef = 9BB839B92ABB1C750042964E /* SceneDelegate.swift */; };
		9BB839BC2ABB1C750042964E /* ViewController.swift in Sources */ = {isa = PBXBuildFile; fileRef = 9BB839BB2ABB1C750042964E /* ViewController.swift */; };
		9BB839BF2ABB1C750042964E /* Main.storyboard in Resources */ = {isa = PBXBuildFile; fileRef = 9BB839BD2ABB1C750042964E /* Main.storyboard */; };
		9BB839C12ABB1C770042964E /* Assets.xcassets in Resources */ = {isa = PBXBuildFile; fileRef = 9BB839C02ABB1C770042964E /* Assets.xcassets */; };
		9BB839C42ABB1C770042964E /* LaunchScreen.storyboard in Resources */ = {isa = PBXBuildFile; fileRef = 9BB839C22ABB1C770042964E /* LaunchScreen.storyboard */; };
		9BB839CC2ABB1F950042964E /* RNViewManager.swift in Sources */ = {isa = PBXBuildFile; fileRef = 9BB839CB2ABB1F950042964E /* RNViewManager.swift */; };
		9BB839CE2ABB215C0042964E /* TestConnectNative.swift in Sources */ = {isa = PBXBuildFile; fileRef = 9BB839CD2ABB215C0042964E /* TestConnectNative.swift */; };
		9BB839D32ABB22020042964E /* TestConnectNative.m in Sources */ = {isa = PBXBuildFile; fileRef = 9BB839D22ABB22020042964E /* TestConnectNative.m */; };
/* End PBXBuildFile section */

/* Begin PBXFileReference section */
		392B37FB2EDEAED3FC9E4876 /* Pods-RNIntegrationApp.debug.xcconfig */ = {isa = PBXFileReference; includeInIndex = 1; lastKnownFileType = text.xcconfig; name = "Pods-RNIntegrationApp.debug.xcconfig"; path = "Target Support Files/Pods-RNIntegrationApp/Pods-RNIntegrationApp.debug.xcconfig"; sourceTree = "<group>"; };
		9BB839B42ABB1C750042964E /* RNIntegrationApp.app */ = {isa = PBXFileReference; explicitFileType = wrapper.application; includeInIndex = 0; path = RNIntegrationApp.app; sourceTree = BUILT_PRODUCTS_DIR; };
		9BB839B72ABB1C750042964E /* AppDelegate.swift */ = {isa = PBXFileReference; lastKnownFileType = sourcecode.swift; path = AppDelegate.swift; sourceTree = "<group>"; };
		9BB839B92ABB1C750042964E /* SceneDelegate.swift */ = {isa = PBXFileReference; lastKnownFileType = sourcecode.swift; path = SceneDelegate.swift; sourceTree = "<group>"; };
		9BB839BB2ABB1C750042964E /* ViewController.swift */ = {isa = PBXFileReference; lastKnownFileType = sourcecode.swift; path = ViewController.swift; sourceTree = "<group>"; };
		9BB839BE2ABB1C750042964E /* Base */ = {isa = PBXFileReference; lastKnownFileType = file.storyboard; name = Base; path = Base.lproj/Main.storyboard; sourceTree = "<group>"; };
		9BB839C02ABB1C770042964E /* Assets.xcassets */ = {isa = PBXFileReference; lastKnownFileType = folder.assetcatalog; path = Assets.xcassets; sourceTree = "<group>"; };
		9BB839C32ABB1C770042964E /* Base */ = {isa = PBXFileReference; lastKnownFileType = file.storyboard; name = Base; path = Base.lproj/LaunchScreen.storyboard; sourceTree = "<group>"; };
		9BB839C52ABB1C770042964E /* Info.plist */ = {isa = PBXFileReference; lastKnownFileType = text.plist.xml; path = Info.plist; sourceTree = "<group>"; };
		9BB839CB2ABB1F950042964E /* RNViewManager.swift */ = {isa = PBXFileReference; lastKnownFileType = sourcecode.swift; path = RNViewManager.swift; sourceTree = "<group>"; };
		9BB839CD2ABB215C0042964E /* TestConnectNative.swift */ = {isa = PBXFileReference; lastKnownFileType = sourcecode.swift; path = TestConnectNative.swift; sourceTree = "<group>"; };
		9BB839D12ABB22020042964E /* RNIntegrationApp-Bridging-Header.h */ = {isa = PBXFileReference; lastKnownFileType = sourcecode.c.h; path = "RNIntegrationApp-Bridging-Header.h"; sourceTree = "<group>"; };
		9BB839D22ABB22020042964E /* TestConnectNative.m */ = {isa = PBXFileReference; lastKnownFileType = sourcecode.c.objc; path = TestConnectNative.m; sourceTree = "<group>"; };
		C0227A7DA4645BAE1EBE9B43 /* Pods-RNIntegrationApp.release.xcconfig */ = {isa = PBXFileReference; includeInIndex = 1; lastKnownFileType = text.xcconfig; name = "Pods-RNIntegrationApp.release.xcconfig"; path = "Target Support Files/Pods-RNIntegrationApp/Pods-RNIntegrationApp.release.xcconfig"; sourceTree = "<group>"; };
		FBF2794E2298D74505560082 /* libPods-RNIntegrationApp.a */ = {isa = PBXFileReference; explicitFileType = archive.ar; includeInIndex = 0; path = "libPods-RNIntegrationApp.a"; sourceTree = BUILT_PRODUCTS_DIR; };
/* End PBXFileReference section */

/* Begin PBXFrameworksBuildPhase section */
		9BB839B12ABB1C750042964E /* Frameworks */ = {
			isa = PBXFrameworksBuildPhase;
			buildActionMask = 2147483647;
			files = (
				9530FF83AB9410E0255F9EB2 /* libPods-RNIntegrationApp.a in Frameworks */,
			);
			runOnlyForDeploymentPostprocessing = 0;
		};
/* End PBXFrameworksBuildPhase section */

/* Begin PBXGroup section */
		9BB839AB2ABB1C750042964E = {
			isa = PBXGroup;
			children = (
				9BB839B62ABB1C750042964E /* RNIntegrationApp */,
				9BB839B52ABB1C750042964E /* Products */,
				A03CD5A18FF26793EFB94697 /* Pods */,
				9FE3E6F78BC60B5FCEFAC799 /* Frameworks */,
			);
			sourceTree = "<group>";
		};
		9BB839B52ABB1C750042964E /* Products */ = {
			isa = PBXGroup;
			children = (
				9BB839B42ABB1C750042964E /* RNIntegrationApp.app */,
			);
			name = Products;
			sourceTree = "<group>";
		};
		9BB839B62ABB1C750042964E /* RNIntegrationApp */ = {
			isa = PBXGroup;
			children = (
				9BB839B72ABB1C750042964E /* AppDelegate.swift */,
				9BB839B92ABB1C750042964E /* SceneDelegate.swift */,
				9BB839BB2ABB1C750042964E /* ViewController.swift */,
				9BB839BD2ABB1C750042964E /* Main.storyboard */,
				9BB839C02ABB1C770042964E /* Assets.xcassets */,
				9BB839C22ABB1C770042964E /* LaunchScreen.storyboard */,
				9BB839C52ABB1C770042964E /* Info.plist */,
				9BB839CB2ABB1F950042964E /* RNViewManager.swift */,
				9BB839CD2ABB215C0042964E /* TestConnectNative.swift */,
				9BB839D22ABB22020042964E /* TestConnectNative.m */,
				9BB839D12ABB22020042964E /* RNIntegrationApp-Bridging-Header.h */,
			);
			path = RNIntegrationApp;
			sourceTree = "<group>";
		};
		9FE3E6F78BC60B5FCEFAC799 /* Frameworks */ = {
			isa = PBXGroup;
			children = (
				FBF2794E2298D74505560082 /* libPods-RNIntegrationApp.a */,
			);
			name = Frameworks;
			sourceTree = "<group>";
		};
		A03CD5A18FF26793EFB94697 /* Pods */ = {
			isa = PBXGroup;
			children = (
				392B37FB2EDEAED3FC9E4876 /* Pods-RNIntegrationApp.debug.xcconfig */,
				C0227A7DA4645BAE1EBE9B43 /* Pods-RNIntegrationApp.release.xcconfig */,
			);
			path = Pods;
			sourceTree = "<group>";
		};
/* End PBXGroup section */

/* Begin PBXNativeTarget section */
		9BB839B32ABB1C750042964E /* RNIntegrationApp */ = {
			isa = PBXNativeTarget;
			buildConfigurationList = 9BB839C82ABB1C770042964E /* Build configuration list for PBXNativeTarget "RNIntegrationApp" */;
			buildPhases = (
				6BCAC6716925536FC113CF89 /* [CP] Check Pods Manifest.lock */,
				9BB839B02ABB1C750042964E /* Sources */,
				9BB839B12ABB1C750042964E /* Frameworks */,
				9BB839B22ABB1C750042964E /* Resources */,
				37081D55E1ED4817F6622800 /* [CP] Copy Pods Resources */,
			);
			buildRules = (
			);
			dependencies = (
			);
			name = RNIntegrationApp;
			productName = RNIntegrationApp;
			productReference = 9BB839B42ABB1C750042964E /* RNIntegrationApp.app */;
			productType = "com.apple.product-type.application";
		};
/* End PBXNativeTarget section */

/* Begin PBXProject section */
		9BB839AC2ABB1C750042964E /* Project object */ = {
			isa = PBXProject;
			attributes = {
				BuildIndependentTargetsInParallel = 1;
				LastSwiftUpdateCheck = 1430;
				LastUpgradeCheck = 1430;
				TargetAttributes = {
					9BB839B32ABB1C750042964E = {
						CreatedOnToolsVersion = 14.3.1;
						LastSwiftMigration = 1430;
					};
				};
			};
			buildConfigurationList = 9BB839AF2ABB1C750042964E /* Build configuration list for PBXProject "RNIntegrationApp" */;
			compatibilityVersion = "Xcode 14.0";
			developmentRegion = en;
			hasScannedForEncodings = 0;
			knownRegions = (
				en,
				Base,
			);
			mainGroup = 9BB839AB2ABB1C750042964E;
			productRefGroup = 9BB839B52ABB1C750042964E /* Products */;
			projectDirPath = "";
			projectRoot = "";
			targets = (
				9BB839B32ABB1C750042964E /* RNIntegrationApp */,
			);
		};
/* End PBXProject section */

/* Begin PBXResourcesBuildPhase section */
		9BB839B22ABB1C750042964E /* Resources */ = {
			isa = PBXResourcesBuildPhase;
			buildActionMask = 2147483647;
			files = (
				9BB839C42ABB1C770042964E /* LaunchScreen.storyboard in Resources */,
				9BB839C12ABB1C770042964E /* Assets.xcassets in Resources */,
				9BB839BF2ABB1C750042964E /* Main.storyboard in Resources */,
			);
			runOnlyForDeploymentPostprocessing = 0;
		};
/* End PBXResourcesBuildPhase section */

/* Begin PBXShellScriptBuildPhase section */
		37081D55E1ED4817F6622800 /* [CP] Copy Pods Resources */ = {
			isa = PBXShellScriptBuildPhase;
			buildActionMask = 2147483647;
			files = (
			);
			inputFileListPaths = (
				"${PODS_ROOT}/Target Support Files/Pods-RNIntegrationApp/Pods-RNIntegrationApp-resources-${CONFIGURATION}-input-files.xcfilelist",
			);
			name = "[CP] Copy Pods Resources";
			outputFileListPaths = (
				"${PODS_ROOT}/Target Support Files/Pods-RNIntegrationApp/Pods-RNIntegrationApp-resources-${CONFIGURATION}-output-files.xcfilelist",
			);
			runOnlyForDeploymentPostprocessing = 0;
			shellPath = /bin/sh;
			shellScript = "\"${PODS_ROOT}/Target Support Files/Pods-RNIntegrationApp/Pods-RNIntegrationApp-resources.sh\"\n";
			showEnvVarsInLog = 0;
		};
		6BCAC6716925536FC113CF89 /* [CP] Check Pods Manifest.lock */ = {
			isa = PBXShellScriptBuildPhase;
			buildActionMask = 2147483647;
			files = (
			);
			inputFileListPaths = (
			);
			inputPaths = (
				"${PODS_PODFILE_DIR_PATH}/Podfile.lock",
				"${PODS_ROOT}/Manifest.lock",
			);
			name = "[CP] Check Pods Manifest.lock";
			outputFileListPaths = (
			);
			outputPaths = (
				"$(DERIVED_FILE_DIR)/Pods-RNIntegrationApp-checkManifestLockResult.txt",
			);
			runOnlyForDeploymentPostprocessing = 0;
			shellPath = /bin/sh;
			shellScript = "diff \"${PODS_PODFILE_DIR_PATH}/Podfile.lock\" \"${PODS_ROOT}/Manifest.lock\" > /dev/null\nif [ $? != 0 ] ; then\n    # print error to STDERR\n    echo \"error: The sandbox is not in sync with the Podfile.lock. Run 'pod install' or update your CocoaPods installation.\" >&2\n    exit 1\nfi\n# This output is used by Xcode 'outputs' to avoid re-running this script phase.\necho \"SUCCESS\" > \"${SCRIPT_OUTPUT_FILE_0}\"\n";
			showEnvVarsInLog = 0;
		};
/* End PBXShellScriptBuildPhase section */

/* Begin PBXSourcesBuildPhase section */
		9BB839B02ABB1C750042964E /* Sources */ = {
			isa = PBXSourcesBuildPhase;
			buildActionMask = 2147483647;
			files = (
				9BB839CC2ABB1F950042964E /* RNViewManager.swift in Sources */,
				9BB839D32ABB22020042964E /* TestConnectNative.m in Sources */,
				9BB839BC2ABB1C750042964E /* ViewController.swift in Sources */,
				9BB839B82ABB1C750042964E /* AppDelegate.swift in Sources */,
				9BB839CE2ABB215C0042964E /* TestConnectNative.swift in Sources */,
				9BB839BA2ABB1C750042964E /* SceneDelegate.swift in Sources */,
			);
			runOnlyForDeploymentPostprocessing = 0;
		};
/* End PBXSourcesBuildPhase section */

/* Begin PBXVariantGroup section */
		9BB839BD2ABB1C750042964E /* Main.storyboard */ = {
			isa = PBXVariantGroup;
			children = (
				9BB839BE2ABB1C750042964E /* Base */,
			);
			name = Main.storyboard;
			sourceTree = "<group>";
		};
		9BB839C22ABB1C770042964E /* LaunchScreen.storyboard */ = {
			isa = PBXVariantGroup;
			children = (
				9BB839C32ABB1C770042964E /* Base */,
			);
			name = LaunchScreen.storyboard;
			sourceTree = "<group>";
		};
/* End PBXVariantGroup section */

/* Begin XCBuildConfiguration section */
		9BB839C62ABB1C770042964E /* Debug */ = {
			isa = XCBuildConfiguration;
			buildSettings = {
				ALWAYS_SEARCH_USER_PATHS = NO;
				CLANG_ANALYZER_NONNULL = YES;
				CLANG_ANALYZER_NUMBER_OBJECT_CONVERSION = YES_AGGRESSIVE;
				CLANG_CXX_LANGUAGE_STANDARD = "c++17";
				CLANG_ENABLE_MODULES = YES;
				CLANG_ENABLE_OBJC_ARC = YES;
				CLANG_ENABLE_OBJC_WEAK = YES;
				CLANG_WARN_BLOCK_CAPTURE_AUTORELEASING = YES;
				CLANG_WARN_BOOL_CONVERSION = YES;
				CLANG_WARN_COMMA = YES;
				CLANG_WARN_CONSTANT_CONVERSION = YES;
				CLANG_WARN_DEPRECATED_OBJC_IMPLEMENTATIONS = YES;
				CLANG_WARN_DIRECT_OBJC_ISA_USAGE = YES_ERROR;
				CLANG_WARN_DOCUMENTATION_COMMENTS = YES;
				CLANG_WARN_EMPTY_BODY = YES;
				CLANG_WARN_ENUM_CONVERSION = YES;
				CLANG_WARN_INFINITE_RECURSION = YES;
				CLANG_WARN_INT_CONVERSION = YES;
				CLANG_WARN_NON_LITERAL_NULL_CONVERSION = YES;
				CLANG_WARN_OBJC_IMPLICIT_RETAIN_SELF = YES;
				CLANG_WARN_OBJC_LITERAL_CONVERSION = YES;
				CLANG_WARN_OBJC_ROOT_CLASS = YES_ERROR;
				CLANG_WARN_QUOTED_INCLUDE_IN_FRAMEWORK_HEADER = YES;
				CLANG_WARN_RANGE_LOOP_ANALYSIS = YES;
				CLANG_WARN_STRICT_PROTOTYPES = YES;
				CLANG_WARN_SUSPICIOUS_MOVE = YES;
				CLANG_WARN_UNGUARDED_AVAILABILITY = YES_AGGRESSIVE;
				CLANG_WARN_UNREACHABLE_CODE = YES;
				CLANG_WARN__DUPLICATE_METHOD_MATCH = YES;
				COPY_PHASE_STRIP = NO;
				DEBUG_INFORMATION_FORMAT = dwarf;
				ENABLE_STRICT_OBJC_MSGSEND = YES;
				ENABLE_TESTABILITY = YES;
				"EXCLUDED_ARCHS[sdk=iphonesimulator*]" = "";
				GCC_C_LANGUAGE_STANDARD = gnu11;
				GCC_DYNAMIC_NO_PIC = NO;
				GCC_NO_COMMON_BLOCKS = YES;
				GCC_OPTIMIZATION_LEVEL = 0;
				GCC_PREPROCESSOR_DEFINITIONS = (
					"DEBUG=1",
					"$(inherited)",
				);
				GCC_WARN_64_TO_32_BIT_CONVERSION = YES;
				GCC_WARN_ABOUT_RETURN_TYPE = YES_ERROR;
				GCC_WARN_UNDECLARED_SELECTOR = YES;
				GCC_WARN_UNINITIALIZED_AUTOS = YES_AGGRESSIVE;
				GCC_WARN_UNUSED_FUNCTION = YES;
				GCC_WARN_UNUSED_VARIABLE = YES;
				IPHONEOS_DEPLOYMENT_TARGET = 16.4;
				MTL_ENABLE_DEBUG_INFO = INCLUDE_SOURCE;
				MTL_FAST_MATH = YES;
				ONLY_ACTIVE_ARCH = YES;
				OTHER_CFLAGS = "$(inherited)";
				OTHER_CPLUSPLUSFLAGS = "$(inherited)";
				REACT_NATIVE_PATH = "${PODS_ROOT}/../../node_modules/react-native";
				SDKROOT = iphoneos;
				SWIFT_ACTIVE_COMPILATION_CONDITIONS = DEBUG;
				SWIFT_OPTIMIZATION_LEVEL = "-Onone";
			};
			name = Debug;
		};
		9BB839C72ABB1C770042964E /* Release */ = {
			isa = XCBuildConfiguration;
			buildSettings = {
				ALWAYS_SEARCH_USER_PATHS = NO;
				CLANG_ANALYZER_NONNULL = YES;
				CLANG_ANALYZER_NUMBER_OBJECT_CONVERSION = YES_AGGRESSIVE;
				CLANG_CXX_LANGUAGE_STANDARD = "c++17";
				CLANG_ENABLE_MODULES = YES;
				CLANG_ENABLE_OBJC_ARC = YES;
				CLANG_ENABLE_OBJC_WEAK = YES;
				CLANG_WARN_BLOCK_CAPTURE_AUTORELEASING = YES;
				CLANG_WARN_BOOL_CONVERSION = YES;
				CLANG_WARN_COMMA = YES;
				CLANG_WARN_CONSTANT_CONVERSION = YES;
				CLANG_WARN_DEPRECATED_OBJC_IMPLEMENTATIONS = YES;
				CLANG_WARN_DIRECT_OBJC_ISA_USAGE = YES_ERROR;
				CLANG_WARN_DOCUMENTATION_COMMENTS = YES;
				CLANG_WARN_EMPTY_BODY = YES;
				CLANG_WARN_ENUM_CONVERSION = YES;
				CLANG_WARN_INFINITE_RECURSION = YES;
				CLANG_WARN_INT_CONVERSION = YES;
				CLANG_WARN_NON_LITERAL_NULL_CONVERSION = YES;
				CLANG_WARN_OBJC_IMPLICIT_RETAIN_SELF = YES;
				CLANG_WARN_OBJC_LITERAL_CONVERSION = YES;
				CLANG_WARN_OBJC_ROOT_CLASS = YES_ERROR;
				CLANG_WARN_QUOTED_INCLUDE_IN_FRAMEWORK_HEADER = YES;
				CLANG_WARN_RANGE_LOOP_ANALYSIS = YES;
				CLANG_WARN_STRICT_PROTOTYPES = YES;
				CLANG_WARN_SUSPICIOUS_MOVE = YES;
				CLANG_WARN_UNGUARDED_AVAILABILITY = YES_AGGRESSIVE;
				CLANG_WARN_UNREACHABLE_CODE = YES;
				CLANG_WARN__DUPLICATE_METHOD_MATCH = YES;
				COPY_PHASE_STRIP = NO;
				DEBUG_INFORMATION_FORMAT = "dwarf-with-dsym";
				ENABLE_NS_ASSERTIONS = NO;
				ENABLE_STRICT_OBJC_MSGSEND = YES;
				"EXCLUDED_ARCHS[sdk=iphonesimulator*]" = "";
				GCC_C_LANGUAGE_STANDARD = gnu11;
				GCC_NO_COMMON_BLOCKS = YES;
				GCC_WARN_64_TO_32_BIT_CONVERSION = YES;
				GCC_WARN_ABOUT_RETURN_TYPE = YES_ERROR;
				GCC_WARN_UNDECLARED_SELECTOR = YES;
				GCC_WARN_UNINITIALIZED_AUTOS = YES_AGGRESSIVE;
				GCC_WARN_UNUSED_FUNCTION = YES;
				GCC_WARN_UNUSED_VARIABLE = YES;
				IPHONEOS_DEPLOYMENT_TARGET = 16.4;
				MTL_ENABLE_DEBUG_INFO = NO;
				MTL_FAST_MATH = YES;
				OTHER_CFLAGS = "$(inherited)";
				OTHER_CPLUSPLUSFLAGS = "$(inherited)";
				REACT_NATIVE_PATH = "${PODS_ROOT}/../../node_modules/react-native";
				SDKROOT = iphoneos;
				SWIFT_COMPILATION_MODE = wholemodule;
				SWIFT_OPTIMIZATION_LEVEL = "-O";
				VALIDATE_PRODUCT = YES;
			};
			name = Release;
		};
		9BB839C92ABB1C770042964E /* Debug */ = {
			isa = XCBuildConfiguration;
			baseConfigurationReference = 392B37FB2EDEAED3FC9E4876 /* Pods-RNIntegrationApp.debug.xcconfig */;
			buildSettings = {
				ASSETCATALOG_COMPILER_APPICON_NAME = AppIcon;
				ASSETCATALOG_COMPILER_GLOBAL_ACCENT_COLOR_NAME = AccentColor;
				CLANG_ENABLE_MODULES = YES;
				CODE_SIGN_STYLE = Automatic;
				CURRENT_PROJECT_VERSION = 1;
				DEVELOPMENT_TEAM = D727LKTHNT;
				GENERATE_INFOPLIST_FILE = YES;
				INFOPLIST_FILE = RNIntegrationApp/Info.plist;
				INFOPLIST_KEY_UIApplicationSupportsIndirectInputEvents = YES;
				INFOPLIST_KEY_UILaunchStoryboardName = LaunchScreen;
				INFOPLIST_KEY_UIMainStoryboardFile = Main;
				INFOPLIST_KEY_UISupportedInterfaceOrientations_iPad = "UIInterfaceOrientationPortrait UIInterfaceOrientationPortraitUpsideDown UIInterfaceOrientationLandscapeLeft UIInterfaceOrientationLandscapeRight";
				INFOPLIST_KEY_UISupportedInterfaceOrientations_iPhone = "UIInterfaceOrientationPortrait UIInterfaceOrientationLandscapeLeft UIInterfaceOrientationLandscapeRight";
				LD_RUNPATH_SEARCH_PATHS = (
					"$(inherited)",
					"@executable_path/Frameworks",
				);
				MARKETING_VERSION = 1.0;
				PRODUCT_BUNDLE_IDENTIFIER = "Drozhdev-Alexey.RNIntegrationApp";
				PRODUCT_NAME = "$(TARGET_NAME)";
				SWIFT_EMIT_LOC_STRINGS = YES;
				SWIFT_OBJC_BRIDGING_HEADER = "RNIntegrationApp/RNIntegrationApp-Bridging-Header.h";
				SWIFT_OPTIMIZATION_LEVEL = "-Onone";
				SWIFT_VERSION = 5.0;
				TARGETED_DEVICE_FAMILY = "1,2";
			};
			name = Debug;
		};
		9BB839CA2ABB1C770042964E /* Release */ = {
			isa = XCBuildConfiguration;
			baseConfigurationReference = C0227A7DA4645BAE1EBE9B43 /* Pods-RNIntegrationApp.release.xcconfig */;
			buildSettings = {
				ASSETCATALOG_COMPILER_APPICON_NAME = AppIcon;
				ASSETCATALOG_COMPILER_GLOBAL_ACCENT_COLOR_NAME = AccentColor;
				CLANG_ENABLE_MODULES = YES;
				CODE_SIGN_STYLE = Automatic;
				CURRENT_PROJECT_VERSION = 1;
				DEVELOPMENT_TEAM = D727LKTHNT;
				GENERATE_INFOPLIST_FILE = YES;
				INFOPLIST_FILE = RNIntegrationApp/Info.plist;
				INFOPLIST_KEY_UIApplicationSupportsIndirectInputEvents = YES;
				INFOPLIST_KEY_UILaunchStoryboardName = LaunchScreen;
				INFOPLIST_KEY_UIMainStoryboardFile = Main;
				INFOPLIST_KEY_UISupportedInterfaceOrientations_iPad = "UIInterfaceOrientationPortrait UIInterfaceOrientationPortraitUpsideDown UIInterfaceOrientationLandscapeLeft UIInterfaceOrientationLandscapeRight";
				INFOPLIST_KEY_UISupportedInterfaceOrientations_iPhone = "UIInterfaceOrientationPortrait UIInterfaceOrientationLandscapeLeft UIInterfaceOrientationLandscapeRight";
				LD_RUNPATH_SEARCH_PATHS = (
					"$(inherited)",
					"@executable_path/Frameworks",
				);
				MARKETING_VERSION = 1.0;
				PRODUCT_BUNDLE_IDENTIFIER = "Drozhdev-Alexey.RNIntegrationApp";
				PRODUCT_NAME = "$(TARGET_NAME)";
				SWIFT_EMIT_LOC_STRINGS = YES;
				SWIFT_OBJC_BRIDGING_HEADER = "RNIntegrationApp/RNIntegrationApp-Bridging-Header.h";
				SWIFT_VERSION = 5.0;
				TARGETED_DEVICE_FAMILY = "1,2";
			};
			name = Release;
		};
/* End XCBuildConfiguration section */

/* Begin XCConfigurationList section */
		9BB839AF2ABB1C750042964E /* Build configuration list for PBXProject "RNIntegrationApp" */ = {
			isa = XCConfigurationList;
			buildConfigurations = (
				9BB839C62ABB1C770042964E /* Debug */,
				9BB839C72ABB1C770042964E /* Release */,
			);
			defaultConfigurationIsVisible = 0;
			defaultConfigurationName = Release;
		};
		9BB839C82ABB1C770042964E /* Build configuration list for PBXNativeTarget "RNIntegrationApp" */ = {
			isa = XCConfigurationList;
			buildConfigurations = (
				9BB839C92ABB1C770042964E /* Debug */,
				9BB839CA2ABB1C770042964E /* Release */,
			);
			defaultConfigurationIsVisible = 0;
			defaultConfigurationName = Release;
		};
/* End XCConfigurationList section */
	};
	rootObject = 9BB839AC2ABB1C750042964E /* Project object */;
}
